// !$*UTF8*$!
{
	archiveVersion = 1;
	classes = {
	};
	objectVersion = 46;
	objects = {

/* Begin PBXBuildFile section */
		8C3C34B71D8FAA5B00F47840 /* main.m in Sources */ = {isa = PBXBuildFile; fileRef = 8C3C34B61D8FAA5B00F47840 /* main.m */; };
		8C3C34BA1D8FAA5B00F47840 /* AppDelegate.m in Sources */ = {isa = PBXBuildFile; fileRef = 8C3C34B91D8FAA5B00F47840 /* AppDelegate.m */; };
		8C3C34BD1D8FAA5B00F47840 /* ViewController.m in Sources */ = {isa = PBXBuildFile; fileRef = 8C3C34BC1D8FAA5B00F47840 /* ViewController.m */; };
		8C3C34C01D8FAA5B00F47840 /* Main.storyboard in Resources */ = {isa = PBXBuildFile; fileRef = 8C3C34BE1D8FAA5B00F47840 /* Main.storyboard */; };
		8C3C34C21D8FAA5B00F47840 /* Assets.xcassets in Resources */ = {isa = PBXBuildFile; fileRef = 8C3C34C11D8FAA5B00F47840 /* Assets.xcassets */; };
		8C3C34C51D8FAA5B00F47840 /* LaunchScreen.storyboard in Resources */ = {isa = PBXBuildFile; fileRef = 8C3C34C31D8FAA5B00F47840 /* LaunchScreen.storyboard */; };
		8C3C34D01D8FAA5B00F47840 /* MNTapCounterTests.m in Sources */ = {isa = PBXBuildFile; fileRef = 8C3C34CF1D8FAA5B00F47840 /* MNTapCounterTests.m */; };
		8C3C34DB1D8FAA5B00F47840 /* MNTapCounterUITests.m in Sources */ = {isa = PBXBuildFile; fileRef = 8C3C34DA1D8FAA5B00F47840 /* MNTapCounterUITests.m */; };
/* End PBXBuildFile section */

/* Begin PBXContainerItemProxy section */
		8C3C34CC1D8FAA5B00F47840 /* PBXContainerItemProxy */ = {
			isa = PBXContainerItemProxy;
			containerPortal = 8C3C34AA1D8FAA5B00F47840 /* Project object */;
			proxyType = 1;
			remoteGlobalIDString = 8C3C34B11D8FAA5B00F47840;
			remoteInfo = MNTapCounter;
		};
		8C3C34D71D8FAA5B00F47840 /* PBXContainerItemProxy */ = {
			isa = PBXContainerItemProxy;
			containerPortal = 8C3C34AA1D8FAA5B00F47840 /* Project object */;
			proxyType = 1;
			remoteGlobalIDString = 8C3C34B11D8FAA5B00F47840;
			remoteInfo = MNTapCounter;
		};
/* End PBXContainerItemProxy section */

/* Begin PBXFileReference section */
		8C3C34B21D8FAA5B00F47840 /* MNTapCounter.app */ = {isa = PBXFileReference; explicitFileType = wrapper.application; includeInIndex = 0; path = MNTapCounter.app; sourceTree = BUILT_PRODUCTS_DIR; };
		8C3C34B61D8FAA5B00F47840 /* main.m */ = {isa = PBXFileReference; lastKnownFileType = sourcecode.c.objc; path = main.m; sourceTree = "<group>"; };
		8C3C34B81D8FAA5B00F47840 /* AppDelegate.h */ = {isa = PBXFileReference; lastKnownFileType = sourcecode.c.h; path = AppDelegate.h; sourceTree = "<group>"; };
		8C3C34B91D8FAA5B00F47840 /* AppDelegate.m */ = {isa = PBXFileReference; lastKnownFileType = sourcecode.c.objc; path = AppDelegate.m; sourceTree = "<group>"; };
		8C3C34BB1D8FAA5B00F47840 /* ViewController.h */ = {isa = PBXFileReference; lastKnownFileType = sourcecode.c.h; path = ViewController.h; sourceTree = "<group>"; };
		8C3C34BC1D8FAA5B00F47840 /* ViewController.m */ = {isa = PBXFileReference; lastKnownFileType = sourcecode.c.objc; path = ViewController.m; sourceTree = "<group>"; };
		8C3C34BF1D8FAA5B00F47840 /* Base */ = {isa = PBXFileReference; lastKnownFileType = file.storyboard; name = Base; path = Base.lproj/Main.storyboard; sourceTree = "<group>"; };
		8C3C34C11D8FAA5B00F47840 /* Assets.xcassets */ = {isa = PBXFileReference; lastKnownFileType = folder.assetcatalog; path = Assets.xcassets; sourceTree = "<group>"; };
		8C3C34C41D8FAA5B00F47840 /* Base */ = {isa = PBXFileReference; lastKnownFileType = file.storyboard; name = Base; path = Base.lproj/LaunchScreen.storyboard; sourceTree = "<group>"; };
		8C3C34C61D8FAA5B00F47840 /* Info.plist */ = {isa = PBXFileReference; lastKnownFileType = text.plist.xml; path = Info.plist; sourceTree = "<group>"; };
		8C3C34CB1D8FAA5B00F47840 /* MNTapCounterTests.xctest */ = {isa = PBXFileReference; explicitFileType = wrapper.cfbundle; includeInIndex = 0; path = MNTapCounterTests.xctest; sourceTree = BUILT_PRODUCTS_DIR; };
		8C3C34CF1D8FAA5B00F47840 /* MNTapCounterTests.m */ = {isa = PBXFileReference; lastKnownFileType = sourcecode.c.objc; path = MNTapCounterTests.m; sourceTree = "<group>"; };
		8C3C34D11D8FAA5B00F47840 /* Info.plist */ = {isa = PBXFileReference; lastKnownFileType = text.plist.xml; path = Info.plist; sourceTree = "<group>"; };
		8C3C34D61D8FAA5B00F47840 /* MNTapCounterUITests.xctest */ = {isa = PBXFileReference; explicitFileType = wrapper.cfbundle; includeInIndex = 0; path = MNTapCounterUITests.xctest; sourceTree = BUILT_PRODUCTS_DIR; };
		8C3C34DA1D8FAA5B00F47840 /* MNTapCounterUITests.m */ = {isa = PBXFileReference; lastKnownFileType = sourcecode.c.objc; path = MNTapCounterUITests.m; sourceTree = "<group>"; };
		8C3C34DC1D8FAA5B00F47840 /* Info.plist */ = {isa = PBXFileReference; lastKnownFileType = text.plist.xml; path = Info.plist; sourceTree = "<group>"; };
/* End PBXFileReference section */

/* Begin PBXFrameworksBuildPhase section */
		8C3C34AF1D8FAA5B00F47840 /* Frameworks */ = {
			isa = PBXFrameworksBuildPhase;
			buildActionMask = 2147483647;
			files = (
			);
			runOnlyForDeploymentPostprocessing = 0;
		};
		8C3C34C81D8FAA5B00F47840 /* Frameworks */ = {
			isa = PBXFrameworksBuildPhase;
			buildActionMask = 2147483647;
			files = (
			);
			runOnlyForDeploymentPostprocessing = 0;
		};
		8C3C34D31D8FAA5B00F47840 /* Frameworks */ = {
			isa = PBXFrameworksBuildPhase;
			buildActionMask = 2147483647;
			files = (
			);
			runOnlyForDeploymentPostprocessing = 0;
		};
/* End PBXFrameworksBuildPhase section */

/* Begin PBXGroup section */
		8C3C34A91D8FAA5B00F47840 = {
			isa = PBXGroup;
			children = (
				8C3C34B41D8FAA5B00F47840 /* MNTapCounter */,
				8C3C34CE1D8FAA5B00F47840 /* MNTapCounterTests */,
				8C3C34D91D8FAA5B00F47840 /* MNTapCounterUITests */,
				8C3C34B31D8FAA5B00F47840 /* Products */,
			);
			sourceTree = "<group>";
		};
		8C3C34B31D8FAA5B00F47840 /* Products */ = {
			isa = PBXGroup;
			children = (
				8C3C34B21D8FAA5B00F47840 /* MNTapCounter.app */,
				8C3C34CB1D8FAA5B00F47840 /* MNTapCounterTests.xctest */,
				8C3C34D61D8FAA5B00F47840 /* MNTapCounterUITests.xctest */,
			);
			name = Products;
			sourceTree = "<group>";
		};
		8C3C34B41D8FAA5B00F47840 /* MNTapCounter */ = {
			isa = PBXGroup;
			children = (
				8C3C34B81D8FAA5B00F47840 /* AppDelegate.h */,
				8C3C34B91D8FAA5B00F47840 /* AppDelegate.m */,
				8C3C34BB1D8FAA5B00F47840 /* ViewController.h */,
				8C3C34BC1D8FAA5B00F47840 /* ViewController.m */,
				8C3C34BE1D8FAA5B00F47840 /* Main.storyboard */,
				8C3C34C11D8FAA5B00F47840 /* Assets.xcassets */,
				8C3C34C31D8FAA5B00F47840 /* LaunchScreen.storyboard */,
				8C3C34C61D8FAA5B00F47840 /* Info.plist */,
				8C3C34B51D8FAA5B00F47840 /* Supporting Files */,
			);
			path = MNTapCounter;
			sourceTree = "<group>";
		};
		8C3C34B51D8FAA5B00F47840 /* Supporting Files */ = {
			isa = PBXGroup;
			children = (
				8C3C34B61D8FAA5B00F47840 /* main.m */,
			);
			name = "Supporting Files";
			sourceTree = "<group>";
		};
		8C3C34CE1D8FAA5B00F47840 /* MNTapCounterTests */ = {
			isa = PBXGroup;
			children = (
				8C3C34CF1D8FAA5B00F47840 /* MNTapCounterTests.m */,
				8C3C34D11D8FAA5B00F47840 /* Info.plist */,
			);
			path = MNTapCounterTests;
			sourceTree = "<group>";
		};
		8C3C34D91D8FAA5B00F47840 /* MNTapCounterUITests */ = {
			isa = PBXGroup;
			children = (
				8C3C34DA1D8FAA5B00F47840 /* MNTapCounterUITests.m */,
				8C3C34DC1D8FAA5B00F47840 /* Info.plist */,
			);
			path = MNTapCounterUITests;
			sourceTree = "<group>";
		};
/* End PBXGroup section */

/* Begin PBXNativeTarget section */
		8C3C34B11D8FAA5B00F47840 /* MNTapCounter */ = {
			isa = PBXNativeTarget;
			buildConfigurationList = 8C3C34DF1D8FAA5B00F47840 /* Build configuration list for PBXNativeTarget "MNTapCounter" */;
			buildPhases = (
				8C3C34AE1D8FAA5B00F47840 /* Sources */,
				8C3C34AF1D8FAA5B00F47840 /* Frameworks */,
				8C3C34B01D8FAA5B00F47840 /* Resources */,
			);
			buildRules = (
			);
			dependencies = (
			);
			name = MNTapCounter;
			productName = MNTapCounter;
			productReference = 8C3C34B21D8FAA5B00F47840 /* MNTapCounter.app */;
			productType = "com.apple.product-type.application";
		};
		8C3C34CA1D8FAA5B00F47840 /* MNTapCounterTests */ = {
			isa = PBXNativeTarget;
			buildConfigurationList = 8C3C34E21D8FAA5B00F47840 /* Build configuration list for PBXNativeTarget "MNTapCounterTests" */;
			buildPhases = (
				8C3C34C71D8FAA5B00F47840 /* Sources */,
				8C3C34C81D8FAA5B00F47840 /* Frameworks */,
				8C3C34C91D8FAA5B00F47840 /* Resources */,
			);
			buildRules = (
			);
			dependencies = (
				8C3C34CD1D8FAA5B00F47840 /* PBXTargetDependency */,
			);
			name = MNTapCounterTests;
			productName = MNTapCounterTests;
			productReference = 8C3C34CB1D8FAA5B00F47840 /* MNTapCounterTests.xctest */;
			productType = "com.apple.product-type.bundle.unit-test";
		};
		8C3C34D51D8FAA5B00F47840 /* MNTapCounterUITests */ = {
			isa = PBXNativeTarget;
			buildConfigurationList = 8C3C34E51D8FAA5B00F47840 /* Build configuration list for PBXNativeTarget "MNTapCounterUITests" */;
			buildPhases = (
				8C3C34D21D8FAA5B00F47840 /* Sources */,
				8C3C34D31D8FAA5B00F47840 /* Frameworks */,
				8C3C34D41D8FAA5B00F47840 /* Resources */,
			);
			buildRules = (
			);
			dependencies = (
				8C3C34D81D8FAA5B00F47840 /* PBXTargetDependency */,
			);
			name = MNTapCounterUITests;
			productName = MNTapCounterUITests;
			productReference = 8C3C34D61D8FAA5B00F47840 /* MNTapCounterUITests.xctest */;
			productType = "com.apple.product-type.bundle.ui-testing";
		};
/* End PBXNativeTarget section */

/* Begin PBXProject section */
		8C3C34AA1D8FAA5B00F47840 /* Project object */ = {
			isa = PBXProject;
			attributes = {
				LastUpgradeCheck = 0730;
				ORGANIZATIONNAME = "Mrunalini Nemade";
				TargetAttributes = {
					8C3C34B11D8FAA5B00F47840 = {
						CreatedOnToolsVersion = 7.3.1;
					};
					8C3C34CA1D8FAA5B00F47840 = {
						CreatedOnToolsVersion = 7.3.1;
						TestTargetID = 8C3C34B11D8FAA5B00F47840;
					};
					8C3C34D51D8FAA5B00F47840 = {
						CreatedOnToolsVersion = 7.3.1;
						TestTargetID = 8C3C34B11D8FAA5B00F47840;
					};
				};
			};
			buildConfigurationList = 8C3C34AD1D8FAA5B00F47840 /* Build configuration list for PBXProject "MNTapCounter" */;
			compatibilityVersion = "Xcode 3.2";
			developmentRegion = English;
			hasScannedForEncodings = 0;
			knownRegions = (
				en,
				Base,
			);
			mainGroup = 8C3C34A91D8FAA5B00F47840;
			productRefGroup = 8C3C34B31D8FAA5B00F47840 /* Products */;
			projectDirPath = "";
			projectRoot = "";
			targets = (
				8C3C34B11D8FAA5B00F47840 /* MNTapCounter */,
				8C3C34CA1D8FAA5B00F47840 /* MNTapCounterTests */,
				8C3C34D51D8FAA5B00F47840 /* MNTapCounterUITests */,
			);
		};
/* End PBXProject section */

/* Begin PBXResourcesBuildPhase section */
		8C3C34B01D8FAA5B00F47840 /* Resources */ = {
			isa = PBXResourcesBuildPhase;
			buildActionMask = 2147483647;
			files = (
				8C3C34C51D8FAA5B00F47840 /* LaunchScreen.storyboard in Resources */,
				8C3C34C21D8FAA5B00F47840 /* Assets.xcassets in Resources */,
				8C3C34C01D8FAA5B00F47840 /* Main.storyboard in Resources */,
			);
			runOnlyForDeploymentPostprocessing = 0;
		};
		8C3C34C91D8FAA5B00F47840 /* Resources */ = {
			isa = PBXResourcesBuildPhase;
			buildActionMask = 2147483647;
			files = (
			);
			runOnlyForDeploymentPostprocessing = 0;
		};
		8C3C34D41D8FAA5B00F47840 /* Resources */ = {
			isa = PBXResourcesBuildPhase;
			buildActionMask = 2147483647;
			files = (
			);
			runOnlyForDeploymentPostprocessing = 0;
		};
/* End PBXResourcesBuildPhase section */

/* Begin PBXSourcesBuildPhase section */
		8C3C34AE1D8FAA5B00F47840 /* Sources */ = {
			isa = PBXSourcesBuildPhase;
			buildActionMask = 2147483647;
			files = (
				8C3C34BD1D8FAA5B00F47840 /* ViewController.m in Sources */,
				8C3C34BA1D8FAA5B00F47840 /* AppDelegate.m in Sources */,
				8C3C34B71D8FAA5B00F47840 /* main.m in Sources */,
			);
			runOnlyForDeploymentPostprocessing = 0;
		};
		8C3C34C71D8FAA5B00F47840 /* Sources */ = {
			isa = PBXSourcesBuildPhase;
			buildActionMask = 2147483647;
			files = (
				8C3C34D01D8FAA5B00F47840 /* MNTapCounterTests.m in Sources */,
			);
			runOnlyForDeploymentPostprocessing = 0;
		};
		8C3C34D21D8FAA5B00F47840 /* Sources */ = {
			isa = PBXSourcesBuildPhase;
			buildActionMask = 2147483647;
			files = (
				8C3C34DB1D8FAA5B00F47840 /* MNTapCounterUITests.m in Sources */,
			);
			runOnlyForDeploymentPostprocessing = 0;
		};
/* End PBXSourcesBuildPhase section */

/* Begin PBXTargetDependency section */
		8C3C34CD1D8FAA5B00F47840 /* PBXTargetDependency */ = {
			isa = PBXTargetDependency;
			target = 8C3C34B11D8FAA5B00F47840 /* MNTapCounter */;
			targetProxy = 8C3C34CC1D8FAA5B00F47840 /* PBXContainerItemProxy */;
		};
		8C3C34D81D8FAA5B00F47840 /* PBXTargetDependency */ = {
			isa = PBXTargetDependency;
			target = 8C3C34B11D8FAA5B00F47840 /* MNTapCounter */;
			targetProxy = 8C3C34D71D8FAA5B00F47840 /* PBXContainerItemProxy */;
		};
/* End PBXTargetDependency section */

/* Begin PBXVariantGroup section */
		8C3C34BE1D8FAA5B00F47840 /* Main.storyboard */ = {
			isa = PBXVariantGroup;
			children = (
				8C3C34BF1D8FAA5B00F47840 /* Base */,
			);
			name = Main.storyboard;
			sourceTree = "<group>";
		};
		8C3C34C31D8FAA5B00F47840 /* LaunchScreen.storyboard */ = {
			isa = PBXVariantGroup;
			children = (
				8C3C34C41D8FAA5B00F47840 /* Base */,
			);
			name = LaunchScreen.storyboard;
			sourceTree = "<group>";
		};
/* End PBXVariantGroup section */

/* Begin XCBuildConfiguration section */
		8C3C34DD1D8FAA5B00F47840 /* Debug */ = {
			isa = XCBuildConfiguration;
			buildSettings = {
				ALWAYS_SEARCH_USER_PATHS = NO;
				CLANG_ANALYZER_NONNULL = YES;
				CLANG_CXX_LANGUAGE_STANDARD = "gnu++0x";
				CLANG_CXX_LIBRARY = "libc++";
				CLANG_ENABLE_MODULES = YES;
				CLANG_ENABLE_OBJC_ARC = YES;
				CLANG_WARN_BOOL_CONVERSION = YES;
				CLANG_WARN_CONSTANT_CONVERSION = YES;
				CLANG_WARN_DIRECT_OBJC_ISA_USAGE = YES_ERROR;
				CLANG_WARN_EMPTY_BODY = YES;
				CLANG_WARN_ENUM_CONVERSION = YES;
				CLANG_WARN_INT_CONVERSION = YES;
				CLANG_WARN_OBJC_ROOT_CLASS = YES_ERROR;
				CLANG_WARN_UNREACHABLE_CODE = YES;
				CLANG_WARN__DUPLICATE_METHOD_MATCH = YES;
				"CODE_SIGN_IDENTITY[sdk=iphoneos*]" = "iPhone Developer";
				COPY_PHASE_STRIP = NO;
				DEBUG_INFORMATION_FORMAT = dwarf;
				ENABLE_STRICT_OBJC_MSGSEND = YES;
				ENABLE_TESTABILITY = YES;
				GCC_C_LANGUAGE_STANDARD = gnu99;
				GCC_DYNAMIC_NO_PIC = NO;
				GCC_NO_COMMON_BLOCKS = YES;
				GCC_OPTIMIZATION_LEVEL = 0;
				GCC_PREPROCESSOR_DEFINITIONS = (
					"DEBUG=1",
					"$(inherited)",
				);
				GCC_WARN_64_TO_32_BIT_CONVERSION = YES;
				GCC_WARN_ABOUT_RETURN_TYPE = YES_ERROR;
				GCC_WARN_UNDECLARED_SELECTOR = YES;
				GCC_WARN_UNINITIALIZED_AUTOS = YES_AGGRESSIVE;
				GCC_WARN_UNUSED_FUNCTION = YES;
				GCC_WARN_UNUSED_VARIABLE = YES;
				IPHONEOS_DEPLOYMENT_TARGET = 9.3;
				MTL_ENABLE_DEBUG_INFO = YES;
				ONLY_ACTIVE_ARCH = YES;
				SDKROOT = iphoneos;
				TARGETED_DEVICE_FAMILY = "1,2";
			};
			name = Debug;
		};
		8C3C34DE1D8FAA5B00F47840 /* Release */ = {
			isa = XCBuildConfiguration;
			buildSettings = {
				ALWAYS_SEARCH_USER_PATHS = NO;
				CLANG_ANALYZER_NONNULL = YES;
				CLANG_CXX_LANGUAGE_STANDARD = "gnu++0x";
				CLANG_CXX_LIBRARY = "libc++";
				CLANG_ENABLE_MODULES = YES;
				CLANG_ENABLE_OBJC_ARC = YES;
				CLANG_WARN_BOOL_CONVERSION = YES;
				CLANG_WARN_CONSTANT_CONVERSION = YES;
				CLANG_WARN_DIRECT_OBJC_ISA_USAGE = YES_ERROR;
				CLANG_WARN_EMPTY_BODY = YES;
				CLANG_WARN_ENUM_CONVERSION = YES;
				CLANG_WARN_INT_CONVERSION = YES;
				CLANG_WARN_OBJC_ROOT_CLASS = YES_ERROR;
				CLANG_WARN_UNREACHABLE_CODE = YES;
				CLANG_WARN__DUPLICATE_METHOD_MATCH = YES;
				"CODE_SIGN_IDENTITY[sdk=iphoneos*]" = "iPhone Developer";
				COPY_PHASE_STRIP = NO;
				DEBUG_INFORMATION_FORMAT = "dwarf-with-dsym";
				ENABLE_NS_ASSERTIONS = NO;
				ENABLE_STRICT_OBJC_MSGSEND = YES;
				GCC_C_LANGUAGE_STANDARD = gnu99;
				GCC_NO_COMMON_BLOCKS = YES;
				GCC_WARN_64_TO_32_BIT_CONVERSION = YES;
				GCC_WARN_ABOUT_RETURN_TYPE = YES_ERROR;
				GCC_WARN_UNDECLARED_SELECTOR = YES;
				GCC_WARN_UNINITIALIZED_AUTOS = YES_AGGRESSIVE;
				GCC_WARN_UNUSED_FUNCTION = YES;
				GCC_WARN_UNUSED_VARIABLE = YES;
				IPHONEOS_DEPLOYMENT_TARGET = 9.3;
				MTL_ENABLE_DEBUG_INFO = NO;
				SDKROOT = iphoneos;
				TARGETED_DEVICE_FAMILY = "1,2";
				VALIDATE_PRODUCT = YES;
			};
			name = Release;
		};
		8C3C34E01D8FAA5B00F47840 /* Debug */ = {
			isa = XCBuildConfiguration;
			buildSettings = {
				ASSETCATALOG_COMPILER_APPICON_NAME = AppIcon;
				INFOPLIST_FILE = MNTapCounter/Info.plist;
				LD_RUNPATH_SEARCH_PATHS = "$(inherited) @executable_path/Frameworks";
				PRODUCT_BUNDLE_IDENTIFIER = com.Mrunal.MNTapCounter;
				PRODUCT_NAME = "$(TARGET_NAME)";
			};
			name = Debug;
		};
		8C3C34E11D8FAA5B00F47840 /* Release */ = {
			isa = XCBuildConfiguration;
			buildSettings = {
				ASSETCATALOG_COMPILER_APPICON_NAME = AppIcon;
				INFOPLIST_FILE = MNTapCounter/Info.plist;
				LD_RUNPATH_SEARCH_PATHS = "$(inherited) @executable_path/Frameworks";
				PRODUCT_BUNDLE_IDENTIFIER = com.Mrunal.MNTapCounter;
				PRODUCT_NAME = "$(TARGET_NAME)";
			};
			name = Release;
		};
		8C3C34E31D8FAA5B00F47840 /* Debug */ = {
			isa = XCBuildConfiguration;
			buildSettings = {
				BUNDLE_LOADER = "$(TEST_HOST)";
				INFOPLIST_FILE = MNTapCounterTests/Info.plist;
				LD_RUNPATH_SEARCH_PATHS = "$(inherited) @executable_path/Frameworks @loader_path/Frameworks";
				PRODUCT_BUNDLE_IDENTIFIER = com.Mrunal.MNTapCounterTests;
				PRODUCT_NAME = "$(TARGET_NAME)";
				TEST_HOST = "$(BUILT_PRODUCTS_DIR)/MNTapCounter.app/MNTapCounter";
			};
			name = Debug;
		};
		8C3C34E41D8FAA5B00F47840 /* Release */ = {
			isa = XCBuildConfiguration;
			buildSettings = {
				BUNDLE_LOADER = "$(TEST_HOST)";
				INFOPLIST_FILE = MNTapCounterTests/Info.plist;
				LD_RUNPATH_SEARCH_PATHS = "$(inherited) @executable_path/Frameworks @loader_path/Frameworks";
				PRODUCT_BUNDLE_IDENTIFIER = com.Mrunal.MNTapCounterTests;
				PRODUCT_NAME = "$(TARGET_NAME)";
				TEST_HOST = "$(BUILT_PRODUCTS_DIR)/MNTapCounter.app/MNTapCounter";
			};
			name = Release;
		};
		8C3C34E61D8FAA5B00F47840 /* Debug */ = {
			isa = XCBuildConfiguration;
			buildSettings = {
				INFOPLIST_FILE = MNTapCounterUITests/Info.plist;
				LD_RUNPATH_SEARCH_PATHS = "$(inherited) @executable_path/Frameworks @loader_path/Frameworks";
				PRODUCT_BUNDLE_IDENTIFIER = com.Mrunal.MNTapCounterUITests;
				PRODUCT_NAME = "$(TARGET_NAME)";
				TEST_TARGET_NAME = MNTapCounter;
			};
			name = Debug;
		};
		8C3C34E71D8FAA5B00F47840 /* Release */ = {
			isa = XCBuildConfiguration;
			buildSettings = {
				INFOPLIST_FILE = MNTapCounterUITests/Info.plist;
				LD_RUNPATH_SEARCH_PATHS = "$(inherited) @executable_path/Frameworks @loader_path/Frameworks";
				PRODUCT_BUNDLE_IDENTIFIER = com.Mrunal.MNTapCounterUITests;
				PRODUCT_NAME = "$(TARGET_NAME)";
				TEST_TARGET_NAME = MNTapCounter;
			};
			name = Release;
		};
/* End XCBuildConfiguration section */

/* Begin XCConfigurationList section */
		8C3C34AD1D8FAA5B00F47840 /* Build configuration list for PBXProject "MNTapCounter" */ = {
			isa = XCConfigurationList;
			buildConfigurations = (
				8C3C34DD1D8FAA5B00F47840 /* Debug */,
				8C3C34DE1D8FAA5B00F47840 /* Release */,
			);
			defaultConfigurationIsVisible = 0;
			defaultConfigurationName = Release;
		};
		8C3C34DF1D8FAA5B00F47840 /* Build configuration list for PBXNativeTarget "MNTapCounter" */ = {
			isa = XCConfigurationList;
			buildConfigurations = (
				8C3C34E01D8FAA5B00F47840 /* Debug */,
				8C3C34E11D8FAA5B00F47840 /* Release */,
			);
			defaultConfigurationIsVisible = 0;
		};
		8C3C34E21D8FAA5B00F47840 /* Build configuration list for PBXNativeTarget "MNTapCounterTests" */ = {
			isa = XCConfigurationList;
			buildConfigurations = (
				8C3C34E31D8FAA5B00F47840 /* Debug */,
				8C3C34E41D8FAA5B00F47840 /* Release */,
			);
			defaultConfigurationIsVisible = 0;
		};
		8C3C34E51D8FAA5B00F47840 /* Build configuration list for PBXNativeTarget "MNTapCounterUITests" */ = {
			isa = XCConfigurationList;
			buildConfigurations = (
				8C3C34E61D8FAA5B00F47840 /* Debug */,
				8C3C34E71D8FAA5B00F47840 /* Release */,
			);
			defaultConfigurationIsVisible = 0;
		};
/* End XCConfigurationList section */
	};
	rootObject = 8C3C34AA1D8FAA5B00F47840 /* Project object */;
}
